
Microsoft Visual Studio Solution File, Format Version 12.00
Project("{FAE04EC0-301F-11D3-BF4B-00C04F79EFBC}") = "LCO2Day04", "LCO2Day04\LCO2Day04.csproj", "{2532D70A-1814-4565-B8FF-B46690D6E2A1}"
EndProject
Global
	GlobalSection(SolutionConfigurationPlatforms) = preSolution
		Debug|Any CPU = Debug|Any CPU
		Release|Any CPU = Release|Any CPU
	EndGlobalSection
	GlobalSection(ProjectConfigurationPlatforms) = postSolution
		{2532D70A-1814-4565-B8FF-B46690D6E2A1}.Debug|Any CPU.ActiveCfg = Debug|Any CPU
		{2532D70A-1814-4565-B8FF-B46690D6E2A1}.Debug|Any CPU.Build.0 = Debug|Any CPU
		{2532D70A-1814-4565-B8FF-B46690D6E2A1}.Release|Any CPU.ActiveCfg = Release|Any CPU
		{2532D70A-1814-4565-B8FF-B46690D6E2A1}.Release|Any CPU.Build.0 = Release|Any CPU
	EndGlobalSection
EndGlobal
